
Microsoft Visual Studio Solution File, Format Version 12.00
# Visual Studio Version 17
VisualStudioVersion = 17.7.34031.279
MinimumVisualStudioVersion = 10.0.40219.1
Project("{FAE04EC0-301F-11D3-BF4B-00C04F79EFBC}") = "Week3SwitchNew", "Week3SwitchNew\Week3SwitchNew.csproj", "{E1BE951A-A10B-4A7D-878F-F32A85644885}"
EndProject
Global
	GlobalSection(SolutionConfigurationPlatforms) = preSolution
		Debug|Any CPU = Debug|Any CPU
		Release|Any CPU = Release|Any CPU
	EndGlobalSection
	GlobalSection(ProjectConfigurationPlatforms) = postSolution
		{E1BE951A-A10B-4A7D-878F-F32A85644885}.Debug|Any CPU.ActiveCfg = Debug|Any CPU
		{E1BE951A-A10B-4A7D-878F-F32A85644885}.Debug|Any CPU.Build.0 = Debug|Any CPU
		{E1BE951A-A10B-4A7D-878F-F32A85644885}.Release|Any CPU.ActiveCfg = Release|Any CPU
		{E1BE951A-A10B-4A7D-878F-F32A85644885}.Release|Any CPU.Build.0 = Release|Any CPU
	EndGlobalSection
	GlobalSection(SolutionProperties) = preSolution
		HideSolutionNode = FALSE
	EndGlobalSection
	GlobalSection(ExtensibilityGlobals) = postSolution
		SolutionGuid = {D3DE26EB-AF39-48F6-8CAB-D54440D4687A}
	EndGlobalSection
EndGlobal
